
Microsoft Visual Studio Solution File, Format Version 12.00
# Visual Studio Version 16
VisualStudioVersion = 16.0.30011.22
MinimumVisualStudioVersion = 10.0.40219.1
Project("{888888A0-9F3D-457C-B088-3A5042F75D52}") = "orf335 hw5", "orf335 hw5\orf335 hw5.pyproj", "{AC3CD180-5261-4138-94AC-BEC7F5CBD98B}"
EndProject
Global
	GlobalSection(SolutionConfigurationPlatforms) = preSolution
		Debug|Any CPU = Debug|Any CPU
		Release|Any CPU = Release|Any CPU
	EndGlobalSection
	GlobalSection(ProjectConfigurationPlatforms) = postSolution
		{AC3CD180-5261-4138-94AC-BEC7F5CBD98B}.Debug|Any CPU.ActiveCfg = Debug|Any CPU
		{AC3CD180-5261-4138-94AC-BEC7F5CBD98B}.Release|Any CPU.ActiveCfg = Release|Any CPU
	EndGlobalSection
	GlobalSection(SolutionProperties) = preSolution
		HideSolutionNode = FALSE
	EndGlobalSection
	GlobalSection(ExtensibilityGlobals) = postSolution
		SolutionGuid = {F2AEE3B4-8D4E-4850-9E11-BEC049795591}
	EndGlobalSection
EndGlobal
